
Microsoft Visual Studio Solution File, Format Version 12.00
# Visual Studio Version 17
VisualStudioVersion = 17.0.31903.59
MinimumVisualStudioVersion = 10.0.40219.1
Project("{2150E333-8FDC-42A3-9474-1A3956D46DE8}") = "src", "src", "{827E0CD3-B72D-47B6-A68D-7590B98EB39B}"
EndProject
Project("{FAE04EC0-301F-11D3-BF4B-00C04F79EFBC}") = "Referral.Application", "src\Referral.Application\Referral.Application.csproj", "{7D18BA8C-F242-436D-B747-44B44BD5FF3B}"
EndProject
Project("{FAE04EC0-301F-11D3-BF4B-00C04F79EFBC}") = "Referral.Domain", "src\Referral.Domain\Referral.Domain.csproj", "{2D3A0864-F334-49F2-8B4C-18CD69BCC9DC}"
EndProject
Project("{FAE04EC0-301F-11D3-BF4B-00C04F79EFBC}") = "Referral.Dataverse", "src\Referral.Dataverse\Referral.Dataverse.csproj", "{9C8A3BDE-286D-4BAB-93EC-52ECEAA225A5}"
EndProject
Project("{FAE04EC0-301F-11D3-BF4B-00C04F79EFBC}") = "Referral.Plugins", "src\Referral.Plugins\Referral.Plugins.csproj", "{21BB52C4-D11E-4F8D-AFDA-17169B216F41}"
EndProject
Project("{2150E333-8FDC-42A3-9474-1A3956D46DE8}") = "tests", "tests", "{0AB3BF05-4346-4AA6-1389-037BE0695223}"
EndProject
Project("{FAE04EC0-301F-11D3-BF4B-00C04F79EFBC}") = "Referral.Application.Tests", "tests\Referral.Application.Tests\Referral.Application.Tests.csproj", "{FB0596C9-EFE6-442D-B447-CDCA21369E3D}"
EndProject
Project("{FAE04EC0-301F-11D3-BF4B-00C04F79EFBC}") = "Referral.Dataverse.Tests", "tests\Referral.Dataverse.Tests\Referral.Dataverse.Tests.csproj", "{05CBB14E-3E3A-4FA9-807B-2C9216959DDC}"
EndProject
Project("{FAE04EC0-301F-11D3-BF4B-00C04F79EFBC}") = "Referral.Domain.Tests", "tests\Referral.Domain.Tests\Referral.Domain.Tests.csproj", "{96A82F20-4FD8-433E-9218-4478BE39D664}"
EndProject
Project("{FAE04EC0-301F-11D3-BF4B-00C04F79EFBC}") = "Referral.Plugins.Tests", "tests\Referral.Plugins.Tests\Referral.Plugins.Tests.csproj", "{067EAA5A-C1C9-49AF-824D-1729722A0B07}"
EndProject
Global
	GlobalSection(SolutionConfigurationPlatforms) = preSolution
		Debug|Any CPU = Debug|Any CPU
		Debug|x64 = Debug|x64
		Debug|x86 = Debug|x86
		Release|Any CPU = Release|Any CPU
		Release|x64 = Release|x64
		Release|x86 = Release|x86
	EndGlobalSection
	GlobalSection(ProjectConfigurationPlatforms) = postSolution
		{7D18BA8C-F242-436D-B747-44B44BD5FF3B}.Debug|Any CPU.ActiveCfg = Debug|Any CPU
		{7D18BA8C-F242-436D-B747-44B44BD5FF3B}.Debug|Any CPU.Build.0 = Debug|Any CPU
		{7D18BA8C-F242-436D-B747-44B44BD5FF3B}.Debug|x64.ActiveCfg = Debug|Any CPU
		{7D18BA8C-F242-436D-B747-44B44BD5FF3B}.Debug|x64.Build.0 = Debug|Any CPU
		{7D18BA8C-F242-436D-B747-44B44BD5FF3B}.Debug|x86.ActiveCfg = Debug|Any CPU
		{7D18BA8C-F242-436D-B747-44B44BD5FF3B}.Debug|x86.Build.0 = Debug|Any CPU
		{7D18BA8C-F242-436D-B747-44B44BD5FF3B}.Release|Any CPU.ActiveCfg = Release|Any CPU
		{7D18BA8C-F242-436D-B747-44B44BD5FF3B}.Release|Any CPU.Build.0 = Release|Any CPU
		{7D18BA8C-F242-436D-B747-44B44BD5FF3B}.Release|x64.ActiveCfg = Release|Any CPU
		{7D18BA8C-F242-436D-B747-44B44BD5FF3B}.Release|x64.Build.0 = Release|Any CPU
		{7D18BA8C-F242-436D-B747-44B44BD5FF3B}.Release|x86.ActiveCfg = Release|Any CPU
		{7D18BA8C-F242-436D-B747-44B44BD5FF3B}.Release|x86.Build.0 = Release|Any CPU
		{2D3A0864-F334-49F2-8B4C-18CD69BCC9DC}.Debug|Any CPU.ActiveCfg = Debug|Any CPU
		{2D3A0864-F334-49F2-8B4C-18CD69BCC9DC}.Debug|Any CPU.Build.0 = Debug|Any CPU
		{2D3A0864-F334-49F2-8B4C-18CD69BCC9DC}.Debug|x64.ActiveCfg = Debug|Any CPU
		{2D3A0864-F334-49F2-8B4C-18CD69BCC9DC}.Debug|x64.Build.0 = Debug|Any CPU
		{2D3A0864-F334-49F2-8B4C-18CD69BCC9DC}.Debug|x86.ActiveCfg = Debug|Any CPU
		{2D3A0864-F334-49F2-8B4C-18CD69BCC9DC}.Debug|x86.Build.0 = Debug|Any CPU
		{2D3A0864-F334-49F2-8B4C-18CD69BCC9DC}.Release|Any CPU.ActiveCfg = Release|Any CPU
		{2D3A0864-F334-49F2-8B4C-18CD69BCC9DC}.Release|Any CPU.Build.0 = Release|Any CPU
		{2D3A0864-F334-49F2-8B4C-18CD69BCC9DC}.Release|x64.ActiveCfg = Release|Any CPU
		{2D3A0864-F334-49F2-8B4C-18CD69BCC9DC}.Release|x64.Build.0 = Release|Any CPU
		{2D3A0864-F334-49F2-8B4C-18CD69BCC9DC}.Release|x86.ActiveCfg = Release|Any CPU
		{2D3A0864-F334-49F2-8B4C-18CD69BCC9DC}.Release|x86.Build.0 = Release|Any CPU
		{9C8A3BDE-286D-4BAB-93EC-52ECEAA225A5}.Debug|Any CPU.ActiveCfg = Debug|Any CPU
		{9C8A3BDE-286D-4BAB-93EC-52ECEAA225A5}.Debug|Any CPU.Build.0 = Debug|Any CPU
		{9C8A3BDE-286D-4BAB-93EC-52ECEAA225A5}.Debug|x64.ActiveCfg = Debug|Any CPU
		{9C8A3BDE-286D-4BAB-93EC-52ECEAA225A5}.Debug|x64.Build.0 = Debug|Any CPU
		{9C8A3BDE-286D-4BAB-93EC-52ECEAA225A5}.Debug|x86.ActiveCfg = Debug|Any CPU
		{9C8A3BDE-286D-4BAB-93EC-52ECEAA225A5}.Debug|x86.Build.0 = Debug|Any CPU
		{9C8A3BDE-286D-4BAB-93EC-52ECEAA225A5}.Release|Any CPU.ActiveCfg = Release|Any CPU
		{9C8A3BDE-286D-4BAB-93EC-52ECEAA225A5}.Release|Any CPU.Build.0 = Release|Any CPU
		{9C8A3BDE-286D-4BAB-93EC-52ECEAA225A5}.Release|x64.ActiveCfg = Release|Any CPU
		{9C8A3BDE-286D-4BAB-93EC-52ECEAA225A5}.Release|x64.Build.0 = Release|Any CPU
		{9C8A3BDE-286D-4BAB-93EC-52ECEAA225A5}.Release|x86.ActiveCfg = Release|Any CPU
		{9C8A3BDE-286D-4BAB-93EC-52ECEAA225A5}.Release|x86.Build.0 = Release|Any CPU
		{21BB52C4-D11E-4F8D-AFDA-17169B216F41}.Debug|Any CPU.ActiveCfg = Debug|Any CPU
		{21BB52C4-D11E-4F8D-AFDA-17169B216F41}.Debug|Any CPU.Build.0 = Debug|Any CPU
		{21BB52C4-D11E-4F8D-AFDA-17169B216F41}.Debug|x64.ActiveCfg = Debug|Any CPU
		{21BB52C4-D11E-4F8D-AFDA-17169B216F41}.Debug|x64.Build.0 = Debug|Any CPU
		{21BB52C4-D11E-4F8D-AFDA-17169B216F41}.Debug|x86.ActiveCfg = Debug|Any CPU
		{21BB52C4-D11E-4F8D-AFDA-17169B216F41}.Debug|x86.Build.0 = Debug|Any CPU
		{21BB52C4-D11E-4F8D-AFDA-17169B216F41}.Release|Any CPU.ActiveCfg = Release|Any CPU
		{21BB52C4-D11E-4F8D-AFDA-17169B216F41}.Release|Any CPU.Build.0 = Release|Any CPU
		{21BB52C4-D11E-4F8D-AFDA-17169B216F41}.Release|x64.ActiveCfg = Release|Any CPU
		{21BB52C4-D11E-4F8D-AFDA-17169B216F41}.Release|x64.Build.0 = Release|Any CPU
		{21BB52C4-D11E-4F8D-AFDA-17169B216F41}.Release|x86.ActiveCfg = Release|Any CPU
		{21BB52C4-D11E-4F8D-AFDA-17169B216F41}.Release|x86.Build.0 = Release|Any CPU
		{FB0596C9-EFE6-442D-B447-CDCA21369E3D}.Debug|Any CPU.ActiveCfg = Debug|Any CPU
		{FB0596C9-EFE6-442D-B447-CDCA21369E3D}.Debug|Any CPU.Build.0 = Debug|Any CPU
		{FB0596C9-EFE6-442D-B447-CDCA21369E3D}.Debug|x64.ActiveCfg = Debug|Any CPU
		{FB0596C9-EFE6-442D-B447-CDCA21369E3D}.Debug|x64.Build.0 = Debug|Any CPU
		{FB0596C9-EFE6-442D-B447-CDCA21369E3D}.Debug|x86.ActiveCfg = Debug|Any CPU
		{FB0596C9-EFE6-442D-B447-CDCA21369E3D}.Debug|x86.Build.0 = Debug|Any CPU
		{FB0596C9-EFE6-442D-B447-CDCA21369E3D}.Release|Any CPU.ActiveCfg = Release|Any CPU
		{FB0596C9-EFE6-442D-B447-CDCA21369E3D}.Release|Any CPU.Build.0 = Release|Any CPU
		{FB0596C9-EFE6-442D-B447-CDCA21369E3D}.Release|x64.ActiveCfg = Release|Any CPU
		{FB0596C9-EFE6-442D-B447-CDCA21369E3D}.Release|x64.Build.0 = Release|Any CPU
		{FB0596C9-EFE6-442D-B447-CDCA21369E3D}.Release|x86.ActiveCfg = Release|Any CPU
		{FB0596C9-EFE6-442D-B447-CDCA21369E3D}.Release|x86.Build.0 = Release|Any CPU
		{05CBB14E-3E3A-4FA9-807B-2C9216959DDC}.Debug|Any CPU.ActiveCfg = Debug|Any CPU
		{05CBB14E-3E3A-4FA9-807B-2C9216959DDC}.Debug|Any CPU.Build.0 = Debug|Any CPU
		{05CBB14E-3E3A-4FA9-807B-2C9216959DDC}.Debug|x64.ActiveCfg = Debug|Any CPU
		{05CBB14E-3E3A-4FA9-807B-2C9216959DDC}.Debug|x64.Build.0 = Debug|Any CPU
		{05CBB14E-3E3A-4FA9-807B-2C9216959DDC}.Debug|x86.ActiveCfg = Debug|Any CPU
		{05CBB14E-3E3A-4FA9-807B-2C9216959DDC}.Debug|x86.Build.0 = Debug|Any CPU
		{05CBB14E-3E3A-4FA9-807B-2C9216959DDC}.Release|Any CPU.ActiveCfg = Release|Any CPU
		{05CBB14E-3E3A-4FA9-807B-2C9216959DDC}.Release|Any CPU.Build.0 = Release|Any CPU
		{05CBB14E-3E3A-4FA9-807B-2C9216959DDC}.Release|x64.ActiveCfg = Release|Any CPU
		{05CBB14E-3E3A-4FA9-807B-2C9216959DDC}.Release|x64.Build.0 = Release|Any CPU
		{05CBB14E-3E3A-4FA9-807B-2C9216959DDC}.Release|x86.ActiveCfg = Release|Any CPU
		{05CBB14E-3E3A-4FA9-807B-2C9216959DDC}.Release|x86.Build.0 = Release|Any CPU
		{96A82F20-4FD8-433E-9218-4478BE39D664}.Debug|Any CPU.ActiveCfg = Debug|Any CPU
		{96A82F20-4FD8-433E-9218-4478BE39D664}.Debug|Any CPU.Build.0 = Debug|Any CPU
		{96A82F20-4FD8-433E-9218-4478BE39D664}.Debug|x64.ActiveCfg = Debug|Any CPU
		{96A82F20-4FD8-433E-9218-4478BE39D664}.Debug|x64.Build.0 = Debug|Any CPU
		{96A82F20-4FD8-433E-9218-4478BE39D664}.Debug|x86.ActiveCfg = Debug|Any CPU
		{96A82F20-4FD8-433E-9218-4478BE39D664}.Debug|x86.Build.0 = Debug|Any CPU
		{96A82F20-4FD8-433E-9218-4478BE39D664}.Release|Any CPU.ActiveCfg = Release|Any CPU
		{96A82F20-4FD8-433E-9218-4478BE39D664}.Release|Any CPU.Build.0 = Release|Any CPU
		{96A82F20-4FD8-433E-9218-4478BE39D664}.Release|x64.ActiveCfg = Release|Any CPU
		{96A82F20-4FD8-433E-9218-4478BE39D664}.Release|x64.Build.0 = Release|Any CPU
		{96A82F20-4FD8-433E-9218-4478BE39D664}.Release|x86.ActiveCfg = Release|Any CPU
		{96A82F20-4FD8-433E-9218-4478BE39D664}.Release|x86.Build.0 = Release|Any CPU
		{067EAA5A-C1C9-49AF-824D-1729722A0B07}.Debug|Any CPU.ActiveCfg = Debug|Any CPU
		{067EAA5A-C1C9-49AF-824D-1729722A0B07}.Debug|Any CPU.Build.0 = Debug|Any CPU
		{067EAA5A-C1C9-49AF-824D-1729722A0B07}.Debug|x64.ActiveCfg = Debug|Any CPU
		{067EAA5A-C1C9-49AF-824D-1729722A0B07}.Debug|x64.Build.0 = Debug|Any CPU
		{067EAA5A-C1C9-49AF-824D-1729722A0B07}.Debug|x86.ActiveCfg = Debug|Any CPU
		{067EAA5A-C1C9-49AF-824D-1729722A0B07}.Debug|x86.Build.0 = Debug|Any CPU
		{067EAA5A-C1C9-49AF-824D-1729722A0B07}.Release|Any CPU.ActiveCfg = Release|Any CPU
		{067EAA5A-C1C9-49AF-824D-1729722A0B07}.Release|Any CPU.Build.0 = Release|Any CPU
		{067EAA5A-C1C9-49AF-824D-1729722A0B07}.Release|x64.ActiveCfg = Release|Any CPU
		{067EAA5A-C1C9-49AF-824D-1729722A0B07}.Release|x64.Build.0 = Release|Any CPU
		{067EAA5A-C1C9-49AF-824D-1729722A0B07}.Release|x86.ActiveCfg = Release|Any CPU
		{067EAA5A-C1C9-49AF-824D-1729722A0B07}.Release|x86.Build.0 = Release|Any CPU
	EndGlobalSection
	GlobalSection(SolutionProperties) = preSolution
		HideSolutionNode = FALSE
	EndGlobalSection
	GlobalSection(NestedProjects) = preSolution
		{7D18BA8C-F242-436D-B747-44B44BD5FF3B} = {827E0CD3-B72D-47B6-A68D-7590B98EB39B}
		{2D3A0864-F334-49F2-8B4C-18CD69BCC9DC} = {827E0CD3-B72D-47B6-A68D-7590B98EB39B}
		{9C8A3BDE-286D-4BAB-93EC-52ECEAA225A5} = {827E0CD3-B72D-47B6-A68D-7590B98EB39B}
		{21BB52C4-D11E-4F8D-AFDA-17169B216F41} = {827E0CD3-B72D-47B6-A68D-7590B98EB39B}
		{FB0596C9-EFE6-442D-B447-CDCA21369E3D} = {0AB3BF05-4346-4AA6-1389-037BE0695223}
		{05CBB14E-3E3A-4FA9-807B-2C9216959DDC} = {0AB3BF05-4346-4AA6-1389-037BE0695223}
		{96A82F20-4FD8-433E-9218-4478BE39D664} = {0AB3BF05-4346-4AA6-1389-037BE0695223}
		{067EAA5A-C1C9-49AF-824D-1729722A0B07} = {0AB3BF05-4346-4AA6-1389-037BE0695223}
	EndGlobalSection
EndGlobal
